
Microsoft Visual Studio Solution File, Format Version 12.00
# Visual Studio Version 17
VisualStudioVersion = 17.3.32901.215
MinimumVisualStudioVersion = 10.0.40219.1
Project("{FAE04EC0-301F-11D3-BF4B-00C04F79EFBC}") = "notepad", "notepad\notepad.csproj", "{6B5C612D-1BBF-405B-AF0C-BEDE1C1D536F}"
EndProject
Global
	GlobalSection(SolutionConfigurationPlatforms) = preSolution
		Debug|Any CPU = Debug|Any CPU
		Release|Any CPU = Release|Any CPU
	EndGlobalSection
	GlobalSection(ProjectConfigurationPlatforms) = postSolution
		{6B5C612D-1BBF-405B-AF0C-BEDE1C1D536F}.Debug|Any CPU.ActiveCfg = Debug|Any CPU
		{6B5C612D-1BBF-405B-AF0C-BEDE1C1D536F}.Debug|Any CPU.Build.0 = Debug|Any CPU
		{6B5C612D-1BBF-405B-AF0C-BEDE1C1D536F}.Release|Any CPU.ActiveCfg = Release|Any CPU
		{6B5C612D-1BBF-405B-AF0C-BEDE1C1D536F}.Release|Any CPU.Build.0 = Release|Any CPU
	EndGlobalSection
	GlobalSection(SolutionProperties) = preSolution
		HideSolutionNode = FALSE
	EndGlobalSection
	GlobalSection(ExtensibilityGlobals) = postSolution
		SolutionGuid = {41DA39B9-52C3-45AB-9F15-7E3F7606B1C9}
	EndGlobalSection
EndGlobal
